
Microsoft Visual Studio Solution File, Format Version 12.00
# Visual Studio Version 16
VisualStudioVersion = 16.0.31702.278
MinimumVisualStudioVersion = 10.0.40219.1
Project("{9A19103F-16F7-4668-BE54-9A1E7A4F7556}") = "NetworkController", "NetworkController\NetworkController.csproj", "{48E6A05C-A031-46AB-AF24-C397A7C170E8}"
EndProject
Project("{2150E333-8FDC-42A3-9474-1A3956D46DE8}") = "Solution Items", "Solution Items", "{D278BBE1-1ECD-4008-A727-0B52A753E667}"
EndProject
Project("{9A19103F-16F7-4668-BE54-9A1E7A4F7556}") = "NetworkTests", "NetworkTests\NetworkTests.csproj", "{24039ABD-20B2-4C7D-A772-46A730F80E7B}"
EndProject
Project("{9A19103F-16F7-4668-BE54-9A1E7A4F7556}") = "NetworkTestHelper", "NetworkTestHelper\NetworkTestHelper.csproj", "{2CAE5634-A8D1-4068-81CC-86E421FE654F}"
EndProject
Global
	GlobalSection(SolutionConfigurationPlatforms) = preSolution
		Debug|Any CPU = Debug|Any CPU
		Release|Any CPU = Release|Any CPU
	EndGlobalSection
	GlobalSection(ProjectConfigurationPlatforms) = postSolution
		{48E6A05C-A031-46AB-AF24-C397A7C170E8}.Debug|Any CPU.ActiveCfg = Debug|Any CPU
		{48E6A05C-A031-46AB-AF24-C397A7C170E8}.Debug|Any CPU.Build.0 = Debug|Any CPU
		{48E6A05C-A031-46AB-AF24-C397A7C170E8}.Release|Any CPU.ActiveCfg = Release|Any CPU
		{48E6A05C-A031-46AB-AF24-C397A7C170E8}.Release|Any CPU.Build.0 = Release|Any CPU
		{24039ABD-20B2-4C7D-A772-46A730F80E7B}.Debug|Any CPU.ActiveCfg = Debug|Any CPU
		{24039ABD-20B2-4C7D-A772-46A730F80E7B}.Debug|Any CPU.Build.0 = Debug|Any CPU
		{24039ABD-20B2-4C7D-A772-46A730F80E7B}.Release|Any CPU.ActiveCfg = Release|Any CPU
		{24039ABD-20B2-4C7D-A772-46A730F80E7B}.Release|Any CPU.Build.0 = Release|Any CPU
		{2CAE5634-A8D1-4068-81CC-86E421FE654F}.Debug|Any CPU.ActiveCfg = Debug|Any CPU
		{2CAE5634-A8D1-4068-81CC-86E421FE654F}.Debug|Any CPU.Build.0 = Debug|Any CPU
		{2CAE5634-A8D1-4068-81CC-86E421FE654F}.Release|Any CPU.ActiveCfg = Release|Any CPU
		{2CAE5634-A8D1-4068-81CC-86E421FE654F}.Release|Any CPU.Build.0 = Release|Any CPU
	EndGlobalSection
	GlobalSection(SolutionProperties) = preSolution
		HideSolutionNode = FALSE
	EndGlobalSection
	GlobalSection(ExtensibilityGlobals) = postSolution
		SolutionGuid = {35AAD963-77DB-4014-8746-D738B398A136}
	EndGlobalSection
EndGlobal
